
Microsoft Visual Studio Solution File, Format Version 12.00
# Visual Studio 15
Project("{FAE04EC0-301F-11D3-BF4B-00C04F79EFBC}") = "SQLiteAndCloud.Android", "SQLiteAndCloud.Android\SQLiteAndCloud.Android.csproj", "{6C0F55E4-F649-4C36-ADA2-D38BBCD9C1B8}"
EndProject
Project("{FAE04EC0-301F-11D3-BF4B-00C04F79EFBC}") = "SQLiteAndCloud.iOS", "SQLiteAndCloud.iOS\SQLiteAndCloud.iOS.csproj", "{4BEB55BB-DCE5-4EC3-958C-B8C969EC01C2}"
EndProject
Project("{FAE04EC0-301F-11D3-BF4B-00C04F79EFBC}") = "SQLiteAndCloud", "SQLiteAndCloud\SQLiteAndCloud.csproj", "{0EFF9D47-03EA-404E-AF82-AB6530768912}"
EndProject
Global
	GlobalSection(SolutionConfigurationPlatforms) = preSolution
		Debug|Any CPU = Debug|Any CPU
		Release|Any CPU = Release|Any CPU
		Debug|iPhoneSimulator = Debug|iPhoneSimulator
		Release|iPhoneSimulator = Release|iPhoneSimulator
		Debug|iPhone = Debug|iPhone
		Release|iPhone = Release|iPhone
	EndGlobalSection
	GlobalSection(ProjectConfigurationPlatforms) = postSolution
		{6C0F55E4-F649-4C36-ADA2-D38BBCD9C1B8}.Debug|Any CPU.ActiveCfg = Debug|Any CPU
		{6C0F55E4-F649-4C36-ADA2-D38BBCD9C1B8}.Debug|Any CPU.Build.0 = Debug|Any CPU
		{6C0F55E4-F649-4C36-ADA2-D38BBCD9C1B8}.Release|Any CPU.ActiveCfg = Release|Any CPU
		{6C0F55E4-F649-4C36-ADA2-D38BBCD9C1B8}.Release|Any CPU.Build.0 = Release|Any CPU
		{6C0F55E4-F649-4C36-ADA2-D38BBCD9C1B8}.Debug|iPhoneSimulator.ActiveCfg = Debug|Any CPU
		{6C0F55E4-F649-4C36-ADA2-D38BBCD9C1B8}.Debug|iPhoneSimulator.Build.0 = Debug|Any CPU
		{6C0F55E4-F649-4C36-ADA2-D38BBCD9C1B8}.Release|iPhoneSimulator.ActiveCfg = Release|Any CPU
		{6C0F55E4-F649-4C36-ADA2-D38BBCD9C1B8}.Release|iPhoneSimulator.Build.0 = Release|Any CPU
		{6C0F55E4-F649-4C36-ADA2-D38BBCD9C1B8}.Debug|iPhone.ActiveCfg = Debug|Any CPU
		{6C0F55E4-F649-4C36-ADA2-D38BBCD9C1B8}.Debug|iPhone.Build.0 = Debug|Any CPU
		{6C0F55E4-F649-4C36-ADA2-D38BBCD9C1B8}.Release|iPhone.ActiveCfg = Release|Any CPU
		{6C0F55E4-F649-4C36-ADA2-D38BBCD9C1B8}.Release|iPhone.Build.0 = Release|Any CPU
		{4BEB55BB-DCE5-4EC3-958C-B8C969EC01C2}.Debug|Any CPU.ActiveCfg = Debug|iPhoneSimulator
		{4BEB55BB-DCE5-4EC3-958C-B8C969EC01C2}.Debug|Any CPU.Build.0 = Debug|iPhoneSimulator
		{4BEB55BB-DCE5-4EC3-958C-B8C969EC01C2}.Release|Any CPU.ActiveCfg = Release|iPhoneSimulator
		{4BEB55BB-DCE5-4EC3-958C-B8C969EC01C2}.Release|Any CPU.Build.0 = Release|iPhoneSimulator
		{4BEB55BB-DCE5-4EC3-958C-B8C969EC01C2}.Debug|iPhoneSimulator.ActiveCfg = Debug|iPhoneSimulator
		{4BEB55BB-DCE5-4EC3-958C-B8C969EC01C2}.Debug|iPhoneSimulator.Build.0 = Debug|iPhoneSimulator
		{4BEB55BB-DCE5-4EC3-958C-B8C969EC01C2}.Release|iPhoneSimulator.ActiveCfg = Release|iPhoneSimulator
		{4BEB55BB-DCE5-4EC3-958C-B8C969EC01C2}.Release|iPhoneSimulator.Build.0 = Release|iPhoneSimulator
		{4BEB55BB-DCE5-4EC3-958C-B8C969EC01C2}.Debug|iPhone.ActiveCfg = Debug|iPhone
		{4BEB55BB-DCE5-4EC3-958C-B8C969EC01C2}.Debug|iPhone.Build.0 = Debug|iPhone
		{4BEB55BB-DCE5-4EC3-958C-B8C969EC01C2}.Release|iPhone.ActiveCfg = Release|iPhone
		{4BEB55BB-DCE5-4EC3-958C-B8C969EC01C2}.Release|iPhone.Build.0 = Release|iPhone
		{0EFF9D47-03EA-404E-AF82-AB6530768912}.Debug|Any CPU.ActiveCfg = Debug|Any CPU
		{0EFF9D47-03EA-404E-AF82-AB6530768912}.Debug|Any CPU.Build.0 = Debug|Any CPU
		{0EFF9D47-03EA-404E-AF82-AB6530768912}.Release|Any CPU.ActiveCfg = Release|Any CPU
		{0EFF9D47-03EA-404E-AF82-AB6530768912}.Release|Any CPU.Build.0 = Release|Any CPU
		{0EFF9D47-03EA-404E-AF82-AB6530768912}.Debug|iPhoneSimulator.ActiveCfg = Debug|Any CPU
		{0EFF9D47-03EA-404E-AF82-AB6530768912}.Debug|iPhoneSimulator.Build.0 = Debug|Any CPU
		{0EFF9D47-03EA-404E-AF82-AB6530768912}.Release|iPhoneSimulator.ActiveCfg = Release|Any CPU
		{0EFF9D47-03EA-404E-AF82-AB6530768912}.Release|iPhoneSimulator.Build.0 = Release|Any CPU
		{0EFF9D47-03EA-404E-AF82-AB6530768912}.Debug|iPhone.ActiveCfg = Debug|Any CPU
		{0EFF9D47-03EA-404E-AF82-AB6530768912}.Debug|iPhone.Build.0 = Debug|Any CPU
		{0EFF9D47-03EA-404E-AF82-AB6530768912}.Release|iPhone.ActiveCfg = Release|Any CPU
		{0EFF9D47-03EA-404E-AF82-AB6530768912}.Release|iPhone.Build.0 = Release|Any CPU
	EndGlobalSection
EndGlobal
